// !$*UTF8*$!
{
	archiveVersion = 1;
	classes = {
	};
	objectVersion = 50;
	objects = {

/* Begin PBXBuildFile section */
		AF3AD32221C6309A00DA30BD /* AppDelegate.swift in Sources */ = {isa = PBXBuildFile; fileRef = AF3AD32121C6309A00DA30BD /* AppDelegate.swift */; };
		AF3AD32721C6309B00DA30BD /* Main.storyboard in Resources */ = {isa = PBXBuildFile; fileRef = AF3AD32521C6309B00DA30BD /* Main.storyboard */; };
		AF3AD32921C6309C00DA30BD /* Assets.xcassets in Resources */ = {isa = PBXBuildFile; fileRef = AF3AD32821C6309C00DA30BD /* Assets.xcassets */; };
		AF3AD32C21C6309C00DA30BD /* LaunchScreen.storyboard in Resources */ = {isa = PBXBuildFile; fileRef = AF3AD32A21C6309C00DA30BD /* LaunchScreen.storyboard */; };
		AF3AD33421C63E6400DA30BD /* MovieListTableViewController.swift in Sources */ = {isa = PBXBuildFile; fileRef = AF3AD33321C63E6400DA30BD /* MovieListTableViewController.swift */; };
		AF3AD33921C6468E00DA30BD /* Model.swift in Sources */ = {isa = PBXBuildFile; fileRef = AF3AD33821C6468E00DA30BD /* Model.swift */; };
		AF3AD33C21C646CB00DA30BD /* MovieListTableViewCell.swift in Sources */ = {isa = PBXBuildFile; fileRef = AF3AD33A21C646CB00DA30BD /* MovieListTableViewCell.swift */; };
		AF3AD33D21C646CB00DA30BD /* MovieListTableViewCell.xib in Resources */ = {isa = PBXBuildFile; fileRef = AF3AD33B21C646CB00DA30BD /* MovieListTableViewCell.xib */; };
		AF3AD33F21C6498800DA30BD /* Singleton.swift in Sources */ = {isa = PBXBuildFile; fileRef = AF3AD33E21C6498800DA30BD /* Singleton.swift */; };
		AF3AD34121C6AD0A00DA30BD /* MovieListCollectionViewController.swift in Sources */ = {isa = PBXBuildFile; fileRef = AF3AD34021C6AD0A00DA30BD /* MovieListCollectionViewController.swift */; };
		AF3AD34421C6AEBA00DA30BD /* MovieListCollectionViewCell.swift in Sources */ = {isa = PBXBuildFile; fileRef = AF3AD34221C6AEBA00DA30BD /* MovieListCollectionViewCell.swift */; };
		AF3AD34521C6AEBA00DA30BD /* MovieListCollectionViewCell.xib in Resources */ = {isa = PBXBuildFile; fileRef = AF3AD34321C6AEBA00DA30BD /* MovieListCollectionViewCell.xib */; };
		AF3AD34721C6CAC600DA30BD /* MovieDetailInfoViewController.swift in Sources */ = {isa = PBXBuildFile; fileRef = AF3AD34621C6CAC600DA30BD /* MovieDetailInfoViewController.swift */; };
		AF3AD34A21C6CD5100DA30BD /* DetailInfoTableViewCell.swift in Sources */ = {isa = PBXBuildFile; fileRef = AF3AD34821C6CD5100DA30BD /* DetailInfoTableViewCell.swift */; };
		AF3AD34B21C6CD5100DA30BD /* DetailInfoTableViewCell.xib in Resources */ = {isa = PBXBuildFile; fileRef = AF3AD34921C6CD5100DA30BD /* DetailInfoTableViewCell.xib */; };
		AF3AD34E21C6F40F00DA30BD /* SynopsisTableViewCell.swift in Sources */ = {isa = PBXBuildFile; fileRef = AF3AD34C21C6F40F00DA30BD /* SynopsisTableViewCell.swift */; };
		AF3AD34F21C6F40F00DA30BD /* SynopsisTableViewCell.xib in Resources */ = {isa = PBXBuildFile; fileRef = AF3AD34D21C6F40F00DA30BD /* SynopsisTableViewCell.xib */; };
		AF3AD35221C705C100DA30BD /* CommentTableViewCell.swift in Sources */ = {isa = PBXBuildFile; fileRef = AF3AD35021C705C100DA30BD /* CommentTableViewCell.swift */; };
		AF3AD35321C705C100DA30BD /* CommentTableViewCell.xib in Resources */ = {isa = PBXBuildFile; fileRef = AF3AD35121C705C100DA30BD /* CommentTableViewCell.xib */; };
		AF3AD35621C716FB00DA30BD /* ActorTableViewCell.swift in Sources */ = {isa = PBXBuildFile; fileRef = AF3AD35421C716FB00DA30BD /* ActorTableViewCell.swift */; };
		AF3AD35721C716FB00DA30BD /* ActorTableViewCell.xib in Resources */ = {isa = PBXBuildFile; fileRef = AF3AD35521C716FB00DA30BD /* ActorTableViewCell.xib */; };
/* End PBXBuildFile section */

/* Begin PBXFileReference section */
		AF3AD31E21C6309A00DA30BD /* BoxOffice.app */ = {isa = PBXFileReference; explicitFileType = wrapper.application; includeInIndex = 0; path = BoxOffice.app; sourceTree = BUILT_PRODUCTS_DIR; };
		AF3AD32121C6309A00DA30BD /* AppDelegate.swift */ = {isa = PBXFileReference; lastKnownFileType = sourcecode.swift; path = AppDelegate.swift; sourceTree = "<group>"; };
		AF3AD32621C6309B00DA30BD /* Base */ = {isa = PBXFileReference; lastKnownFileType = file.storyboard; name = Base; path = Base.lproj/Main.storyboard; sourceTree = "<group>"; };
		AF3AD32821C6309C00DA30BD /* Assets.xcassets */ = {isa = PBXFileReference; lastKnownFileType = folder.assetcatalog; path = Assets.xcassets; sourceTree = "<group>"; };
		AF3AD32B21C6309C00DA30BD /* Base */ = {isa = PBXFileReference; lastKnownFileType = file.storyboard; name = Base; path = Base.lproj/LaunchScreen.storyboard; sourceTree = "<group>"; };
		AF3AD32D21C6309C00DA30BD /* Info.plist */ = {isa = PBXFileReference; lastKnownFileType = text.plist.xml; path = Info.plist; sourceTree = "<group>"; };
		AF3AD33321C63E6400DA30BD /* MovieListTableViewController.swift */ = {isa = PBXFileReference; lastKnownFileType = sourcecode.swift; path = MovieListTableViewController.swift; sourceTree = "<group>"; };
		AF3AD33821C6468E00DA30BD /* Model.swift */ = {isa = PBXFileReference; lastKnownFileType = sourcecode.swift; path = Model.swift; sourceTree = "<group>"; };
		AF3AD33A21C646CB00DA30BD /* MovieListTableViewCell.swift */ = {isa = PBXFileReference; lastKnownFileType = sourcecode.swift; path = MovieListTableViewCell.swift; sourceTree = "<group>"; };
		AF3AD33B21C646CB00DA30BD /* MovieListTableViewCell.xib */ = {isa = PBXFileReference; lastKnownFileType = file.xib; path = MovieListTableViewCell.xib; sourceTree = "<group>"; };
		AF3AD33E21C6498800DA30BD /* Singleton.swift */ = {isa = PBXFileReference; lastKnownFileType = sourcecode.swift; path = Singleton.swift; sourceTree = "<group>"; };
		AF3AD34021C6AD0A00DA30BD /* MovieListCollectionViewController.swift */ = {isa = PBXFileReference; lastKnownFileType = sourcecode.swift; path = MovieListCollectionViewController.swift; sourceTree = "<group>"; };
		AF3AD34221C6AEBA00DA30BD /* MovieListCollectionViewCell.swift */ = {isa = PBXFileReference; lastKnownFileType = sourcecode.swift; path = MovieListCollectionViewCell.swift; sourceTree = "<group>"; };
		AF3AD34321C6AEBA00DA30BD /* MovieListCollectionViewCell.xib */ = {isa = PBXFileReference; lastKnownFileType = file.xib; path = MovieListCollectionViewCell.xib; sourceTree = "<group>"; };
		AF3AD34621C6CAC600DA30BD /* MovieDetailInfoViewController.swift */ = {isa = PBXFileReference; lastKnownFileType = sourcecode.swift; path = MovieDetailInfoViewController.swift; sourceTree = "<group>"; };
		AF3AD34821C6CD5100DA30BD /* DetailInfoTableViewCell.swift */ = {isa = PBXFileReference; lastKnownFileType = sourcecode.swift; path = DetailInfoTableViewCell.swift; sourceTree = "<group>"; };
		AF3AD34921C6CD5100DA30BD /* DetailInfoTableViewCell.xib */ = {isa = PBXFileReference; lastKnownFileType = file.xib; path = DetailInfoTableViewCell.xib; sourceTree = "<group>"; };
		AF3AD34C21C6F40F00DA30BD /* SynopsisTableViewCell.swift */ = {isa = PBXFileReference; lastKnownFileType = sourcecode.swift; path = SynopsisTableViewCell.swift; sourceTree = "<group>"; };
		AF3AD34D21C6F40F00DA30BD /* SynopsisTableViewCell.xib */ = {isa = PBXFileReference; lastKnownFileType = file.xib; path = SynopsisTableViewCell.xib; sourceTree = "<group>"; };
		AF3AD35021C705C100DA30BD /* CommentTableViewCell.swift */ = {isa = PBXFileReference; lastKnownFileType = sourcecode.swift; path = CommentTableViewCell.swift; sourceTree = "<group>"; };
		AF3AD35121C705C100DA30BD /* CommentTableViewCell.xib */ = {isa = PBXFileReference; lastKnownFileType = file.xib; path = CommentTableViewCell.xib; sourceTree = "<group>"; };
		AF3AD35421C716FB00DA30BD /* ActorTableViewCell.swift */ = {isa = PBXFileReference; lastKnownFileType = sourcecode.swift; path = ActorTableViewCell.swift; sourceTree = "<group>"; };
		AF3AD35521C716FB00DA30BD /* ActorTableViewCell.xib */ = {isa = PBXFileReference; lastKnownFileType = file.xib; path = ActorTableViewCell.xib; sourceTree = "<group>"; };
/* End PBXFileReference section */

/* Begin PBXFrameworksBuildPhase section */
		AF3AD31B21C6309A00DA30BD /* Frameworks */ = {
			isa = PBXFrameworksBuildPhase;
			buildActionMask = 2147483647;
			files = (
			);
			runOnlyForDeploymentPostprocessing = 0;
		};
/* End PBXFrameworksBuildPhase section */

/* Begin PBXGroup section */
		191C1F0121F3480C00F31ED8 /* View */ = {
			isa = PBXGroup;
			children = (
				AF3AD33A21C646CB00DA30BD /* MovieListTableViewCell.swift */,
				AF3AD33B21C646CB00DA30BD /* MovieListTableViewCell.xib */,
				AF3AD34221C6AEBA00DA30BD /* MovieListCollectionViewCell.swift */,
				AF3AD34321C6AEBA00DA30BD /* MovieListCollectionViewCell.xib */,
				AF3AD34821C6CD5100DA30BD /* DetailInfoTableViewCell.swift */,
				AF3AD34921C6CD5100DA30BD /* DetailInfoTableViewCell.xib */,
				AF3AD34C21C6F40F00DA30BD /* SynopsisTableViewCell.swift */,
				AF3AD34D21C6F40F00DA30BD /* SynopsisTableViewCell.xib */,
				AF3AD35421C716FB00DA30BD /* ActorTableViewCell.swift */,
				AF3AD35521C716FB00DA30BD /* ActorTableViewCell.xib */,
				AF3AD35021C705C100DA30BD /* CommentTableViewCell.swift */,
				AF3AD35121C705C100DA30BD /* CommentTableViewCell.xib */,
			);
			path = View;
			sourceTree = "<group>";
		};
		AF3AD31521C6309A00DA30BD = {
			isa = PBXGroup;
			children = (
				AF3AD32021C6309A00DA30BD /* BoxOffice */,
				AF3AD31F21C6309A00DA30BD /* Products */,
			);
			sourceTree = "<group>";
		};
		AF3AD31F21C6309A00DA30BD /* Products */ = {
			isa = PBXGroup;
			children = (
				AF3AD31E21C6309A00DA30BD /* BoxOffice.app */,
			);
			name = Products;
			sourceTree = "<group>";
		};
		AF3AD32021C6309A00DA30BD /* BoxOffice */ = {
			isa = PBXGroup;
			children = (
				AF3AD33721C6461800DA30BD /* Model */,
				191C1F0121F3480C00F31ED8 /* View */,
				AF3AD32121C6309A00DA30BD /* AppDelegate.swift */,
				AF3AD32521C6309B00DA30BD /* Main.storyboard */,
				AF3AD33321C63E6400DA30BD /* MovieListTableViewController.swift */,
				AF3AD34021C6AD0A00DA30BD /* MovieListCollectionViewController.swift */,
				AF3AD34621C6CAC600DA30BD /* MovieDetailInfoViewController.swift */,
				AF3AD32821C6309C00DA30BD /* Assets.xcassets */,
				AF3AD32A21C6309C00DA30BD /* LaunchScreen.storyboard */,
				AF3AD32D21C6309C00DA30BD /* Info.plist */,
			);
			path = BoxOffice;
			sourceTree = "<group>";
		};
		AF3AD33721C6461800DA30BD /* Model */ = {
			isa = PBXGroup;
			children = (
				AF3AD33821C6468E00DA30BD /* Model.swift */,
				AF3AD33E21C6498800DA30BD /* Singleton.swift */,
			);
			path = Model;
			sourceTree = "<group>";
		};
/* End PBXGroup section */

/* Begin PBXNativeTarget section */
		AF3AD31D21C6309A00DA30BD /* BoxOffice */ = {
			isa = PBXNativeTarget;
			buildConfigurationList = AF3AD33021C6309C00DA30BD /* Build configuration list for PBXNativeTarget "BoxOffice" */;
			buildPhases = (
				AF3AD31A21C6309A00DA30BD /* Sources */,
				AF3AD31B21C6309A00DA30BD /* Frameworks */,
				AF3AD31C21C6309A00DA30BD /* Resources */,
			);
			buildRules = (
			);
			dependencies = (
			);
			name = BoxOffice;
			productName = BoxOffice;
			productReference = AF3AD31E21C6309A00DA30BD /* BoxOffice.app */;
			productType = "com.apple.product-type.application";
		};
/* End PBXNativeTarget section */

/* Begin PBXProject section */
		AF3AD31621C6309A00DA30BD /* Project object */ = {
			isa = PBXProject;
			attributes = {
				LastSwiftUpdateCheck = 1010;
				LastUpgradeCheck = 1010;
				ORGANIZATIONNAME = zunzun;
				TargetAttributes = {
					AF3AD31D21C6309A00DA30BD = {
						CreatedOnToolsVersion = 10.1;
					};
				};
			};
			buildConfigurationList = AF3AD31921C6309A00DA30BD /* Build configuration list for PBXProject "BoxOffice" */;
			compatibilityVersion = "Xcode 9.3";
			developmentRegion = en;
			hasScannedForEncodings = 0;
			knownRegions = (
				en,
				Base,
			);
			mainGroup = AF3AD31521C6309A00DA30BD;
			productRefGroup = AF3AD31F21C6309A00DA30BD /* Products */;
			projectDirPath = "";
			projectRoot = "";
			targets = (
				AF3AD31D21C6309A00DA30BD /* BoxOffice */,
			);
		};
/* End PBXProject section */

/* Begin PBXResourcesBuildPhase section */
		AF3AD31C21C6309A00DA30BD /* Resources */ = {
			isa = PBXResourcesBuildPhase;
			buildActionMask = 2147483647;
			files = (
				AF3AD32C21C6309C00DA30BD /* LaunchScreen.storyboard in Resources */,
				AF3AD32921C6309C00DA30BD /* Assets.xcassets in Resources */,
				AF3AD34B21C6CD5100DA30BD /* DetailInfoTableViewCell.xib in Resources */,
				AF3AD33D21C646CB00DA30BD /* MovieListTableViewCell.xib in Resources */,
				AF3AD32721C6309B00DA30BD /* Main.storyboard in Resources */,
				AF3AD34521C6AEBA00DA30BD /* MovieListCollectionViewCell.xib in Resources */,
				AF3AD35721C716FB00DA30BD /* ActorTableViewCell.xib in Resources */,
				AF3AD34F21C6F40F00DA30BD /* SynopsisTableViewCell.xib in Resources */,
				AF3AD35321C705C100DA30BD /* CommentTableViewCell.xib in Resources */,
			);
			runOnlyForDeploymentPostprocessing = 0;
		};
/* End PBXResourcesBuildPhase section */

/* Begin PBXSourcesBuildPhase section */
		AF3AD31A21C6309A00DA30BD /* Sources */ = {
			isa = PBXSourcesBuildPhase;
			buildActionMask = 2147483647;
			files = (
				AF3AD35221C705C100DA30BD /* CommentTableViewCell.swift in Sources */,
				AF3AD34421C6AEBA00DA30BD /* MovieListCollectionViewCell.swift in Sources */,
				AF3AD34E21C6F40F00DA30BD /* SynopsisTableViewCell.swift in Sources */,
				AF3AD34A21C6CD5100DA30BD /* DetailInfoTableViewCell.swift in Sources */,
				AF3AD33921C6468E00DA30BD /* Model.swift in Sources */,
				AF3AD34121C6AD0A00DA30BD /* MovieListCollectionViewController.swift in Sources */,
				AF3AD33421C63E6400DA30BD /* MovieListTableViewController.swift in Sources */,
				AF3AD35621C716FB00DA30BD /* ActorTableViewCell.swift in Sources */,
				AF3AD34721C6CAC600DA30BD /* MovieDetailInfoViewController.swift in Sources */,
				AF3AD33C21C646CB00DA30BD /* MovieListTableViewCell.swift in Sources */,
				AF3AD33F21C6498800DA30BD /* Singleton.swift in Sources */,
				AF3AD32221C6309A00DA30BD /* AppDelegate.swift in Sources */,
			);
			runOnlyForDeploymentPostprocessing = 0;
		};
/* End PBXSourcesBuildPhase section */

/* Begin PBXVariantGroup section */
		AF3AD32521C6309B00DA30BD /* Main.storyboard */ = {
			isa = PBXVariantGroup;
			children = (
				AF3AD32621C6309B00DA30BD /* Base */,
			);
			name = Main.storyboard;
			sourceTree = "<group>";
		};
		AF3AD32A21C6309C00DA30BD /* LaunchScreen.storyboard */ = {
			isa = PBXVariantGroup;
			children = (
				AF3AD32B21C6309C00DA30BD /* Base */,
			);
			name = LaunchScreen.storyboard;
			sourceTree = "<group>";
		};
/* End PBXVariantGroup section */

/* Begin XCBuildConfiguration section */
		AF3AD32E21C6309C00DA30BD /* Debug */ = {
			isa = XCBuildConfiguration;
			buildSettings = {
				ALWAYS_SEARCH_USER_PATHS = NO;
				CLANG_ANALYZER_NONNULL = YES;
				CLANG_ANALYZER_NUMBER_OBJECT_CONVERSION = YES_AGGRESSIVE;
				CLANG_CXX_LANGUAGE_STANDARD = "gnu++14";
				CLANG_CXX_LIBRARY = "libc++";
				CLANG_ENABLE_MODULES = YES;
				CLANG_ENABLE_OBJC_ARC = YES;
				CLANG_ENABLE_OBJC_WEAK = YES;
				CLANG_WARN_BLOCK_CAPTURE_AUTORELEASING = YES;
				CLANG_WARN_BOOL_CONVERSION = YES;
				CLANG_WARN_COMMA = YES;
				CLANG_WARN_CONSTANT_CONVERSION = YES;
				CLANG_WARN_DEPRECATED_OBJC_IMPLEMENTATIONS = YES;
				CLANG_WARN_DIRECT_OBJC_ISA_USAGE = YES_ERROR;
				CLANG_WARN_DOCUMENTATION_COMMENTS = YES;
				CLANG_WARN_EMPTY_BODY = YES;
				CLANG_WARN_ENUM_CONVERSION = YES;
				CLANG_WARN_INFINITE_RECURSION = YES;
				CLANG_WARN_INT_CONVERSION = YES;
				CLANG_WARN_NON_LITERAL_NULL_CONVERSION = YES;
				CLANG_WARN_OBJC_IMPLICIT_RETAIN_SELF = YES;
				CLANG_WARN_OBJC_LITERAL_CONVERSION = YES;
				CLANG_WARN_OBJC_ROOT_CLASS = YES_ERROR;
				CLANG_WARN_RANGE_LOOP_ANALYSIS = YES;
				CLANG_WARN_STRICT_PROTOTYPES = YES;
				CLANG_WARN_SUSPICIOUS_MOVE = YES;
				CLANG_WARN_UNGUARDED_AVAILABILITY = YES_AGGRESSIVE;
				CLANG_WARN_UNREACHABLE_CODE = YES;
				CLANG_WARN__DUPLICATE_METHOD_MATCH = YES;
				CODE_SIGN_IDENTITY = "iPhone Developer";
				COPY_PHASE_STRIP = NO;
				DEBUG_INFORMATION_FORMAT = dwarf;
				ENABLE_STRICT_OBJC_MSGSEND = YES;
				ENABLE_TESTABILITY = YES;
				GCC_C_LANGUAGE_STANDARD = gnu11;
				GCC_DYNAMIC_NO_PIC = NO;
				GCC_NO_COMMON_BLOCKS = YES;
				GCC_OPTIMIZATION_LEVEL = 0;
				GCC_PREPROCESSOR_DEFINITIONS = (
					"DEBUG=1",
					"$(inherited)",
				);
				GCC_WARN_64_TO_32_BIT_CONVERSION = YES;
				GCC_WARN_ABOUT_RETURN_TYPE = YES_ERROR;
				GCC_WARN_UNDECLARED_SELECTOR = YES;
				GCC_WARN_UNINITIALIZED_AUTOS = YES_AGGRESSIVE;
				GCC_WARN_UNUSED_FUNCTION = YES;
				GCC_WARN_UNUSED_VARIABLE = YES;
				IPHONEOS_DEPLOYMENT_TARGET = 12.1;
				MTL_ENABLE_DEBUG_INFO = INCLUDE_SOURCE;
				MTL_FAST_MATH = YES;
				ONLY_ACTIVE_ARCH = YES;
				SDKROOT = iphoneos;
				SWIFT_ACTIVE_COMPILATION_CONDITIONS = DEBUG;
				SWIFT_OPTIMIZATION_LEVEL = "-Onone";
			};
			name = Debug;
		};
		AF3AD32F21C6309C00DA30BD /* Release */ = {
			isa = XCBuildConfiguration;
			buildSettings = {
				ALWAYS_SEARCH_USER_PATHS = NO;
				CLANG_ANALYZER_NONNULL = YES;
				CLANG_ANALYZER_NUMBER_OBJECT_CONVERSION = YES_AGGRESSIVE;
				CLANG_CXX_LANGUAGE_STANDARD = "gnu++14";
				CLANG_CXX_LIBRARY = "libc++";
				CLANG_ENABLE_MODULES = YES;
				CLANG_ENABLE_OBJC_ARC = YES;
				CLANG_ENABLE_OBJC_WEAK = YES;
				CLANG_WARN_BLOCK_CAPTURE_AUTORELEASING = YES;
				CLANG_WARN_BOOL_CONVERSION = YES;
				CLANG_WARN_COMMA = YES;
				CLANG_WARN_CONSTANT_CONVERSION = YES;
				CLANG_WARN_DEPRECATED_OBJC_IMPLEMENTATIONS = YES;
				CLANG_WARN_DIRECT_OBJC_ISA_USAGE = YES_ERROR;
				CLANG_WARN_DOCUMENTATION_COMMENTS = YES;
				CLANG_WARN_EMPTY_BODY = YES;
				CLANG_WARN_ENUM_CONVERSION = YES;
				CLANG_WARN_INFINITE_RECURSION = YES;
				CLANG_WARN_INT_CONVERSION = YES;
				CLANG_WARN_NON_LITERAL_NULL_CONVERSION = YES;
				CLANG_WARN_OBJC_IMPLICIT_RETAIN_SELF = YES;
				CLANG_WARN_OBJC_LITERAL_CONVERSION = YES;
				CLANG_WARN_OBJC_ROOT_CLASS = YES_ERROR;
				CLANG_WARN_RANGE_LOOP_ANALYSIS = YES;
				CLANG_WARN_STRICT_PROTOTYPES = YES;
				CLANG_WARN_SUSPICIOUS_MOVE = YES;
				CLANG_WARN_UNGUARDED_AVAILABILITY = YES_AGGRESSIVE;
				CLANG_WARN_UNREACHABLE_CODE = YES;
				CLANG_WARN__DUPLICATE_METHOD_MATCH = YES;
				CODE_SIGN_IDENTITY = "iPhone Developer";
				COPY_PHASE_STRIP = NO;
				DEBUG_INFORMATION_FORMAT = "dwarf-with-dsym";
				ENABLE_NS_ASSERTIONS = NO;
				ENABLE_STRICT_OBJC_MSGSEND = YES;
				GCC_C_LANGUAGE_STANDARD = gnu11;
				GCC_NO_COMMON_BLOCKS = YES;
				GCC_WARN_64_TO_32_BIT_CONVERSION = YES;
				GCC_WARN_ABOUT_RETURN_TYPE = YES_ERROR;
				GCC_WARN_UNDECLARED_SELECTOR = YES;
				GCC_WARN_UNINITIALIZED_AUTOS = YES_AGGRESSIVE;
				GCC_WARN_UNUSED_FUNCTION = YES;
				GCC_WARN_UNUSED_VARIABLE = YES;
				IPHONEOS_DEPLOYMENT_TARGET = 12.1;
				MTL_ENABLE_DEBUG_INFO = NO;
				MTL_FAST_MATH = YES;
				SDKROOT = iphoneos;
				SWIFT_COMPILATION_MODE = wholemodule;
				SWIFT_OPTIMIZATION_LEVEL = "-O";
				VALIDATE_PRODUCT = YES;
			};
			name = Release;
		};
		AF3AD33121C6309C00DA30BD /* Debug */ = {
			isa = XCBuildConfiguration;
			buildSettings = {
				ASSETCATALOG_COMPILER_APPICON_NAME = AppIcon;
				CODE_SIGN_STYLE = Automatic;
				DEVELOPMENT_TEAM = H79MF628K3;
				INFOPLIST_FILE = BoxOffice/Info.plist;
				LD_RUNPATH_SEARCH_PATHS = (
					"$(inherited)",
					"@executable_path/Frameworks",
				);
				PRODUCT_BUNDLE_IDENTIFIER = INUAppcenter.BoxOffice;
				PRODUCT_NAME = "$(TARGET_NAME)";
				SWIFT_VERSION = 4.2;
				TARGETED_DEVICE_FAMILY = "1,2";
			};
			name = Debug;
		};
		AF3AD33221C6309C00DA30BD /* Release */ = {
			isa = XCBuildConfiguration;
			buildSettings = {
				ASSETCATALOG_COMPILER_APPICON_NAME = AppIcon;
				CODE_SIGN_STYLE = Automatic;
				DEVELOPMENT_TEAM = H79MF628K3;
				INFOPLIST_FILE = BoxOffice/Info.plist;
				LD_RUNPATH_SEARCH_PATHS = (
					"$(inherited)",
					"@executable_path/Frameworks",
				);
				PRODUCT_BUNDLE_IDENTIFIER = INUAppcenter.BoxOffice;
				PRODUCT_NAME = "$(TARGET_NAME)";
				SWIFT_VERSION = 4.2;
				TARGETED_DEVICE_FAMILY = "1,2";
			};
			name = Release;
		};
/* End XCBuildConfiguration section */

/* Begin XCConfigurationList section */
		AF3AD31921C6309A00DA30BD /* Build configuration list for PBXProject "BoxOffice" */ = {
			isa = XCConfigurationList;
			buildConfigurations = (
				AF3AD32E21C6309C00DA30BD /* Debug */,
				AF3AD32F21C6309C00DA30BD /* Release */,
			);
			defaultConfigurationIsVisible = 0;
			defaultConfigurationName = Release;
		};
		AF3AD33021C6309C00DA30BD /* Build configuration list for PBXNativeTarget "BoxOffice" */ = {
			isa = XCConfigurationList;
			buildConfigurations = (
				AF3AD33121C6309C00DA30BD /* Debug */,
				AF3AD33221C6309C00DA30BD /* Release */,
			);
			defaultConfigurationIsVisible = 0;
			defaultConfigurationName = Release;
		};
/* End XCConfigurationList section */
	};
	rootObject = AF3AD31621C6309A00DA30BD /* Project object */;
}
